[[package]]
name = "h11"
version = "0.13.0"
description = "A pure-Python, bring-your-own-I/O implementation of HTTP/1.1"
category = "main"
optional = false
python-versions = ">=3.6"

[[package]]
name = "wsproto"
version = "1.2.0"
description = "WebSockets state-machine based protocol implementation"
category = "main"
optional = false
python-versions = ">=3.7.0"

[package.dependencies]
h11 = ">=0.9.0,<1"

[metadata]
lock-version = "1.1"
python-versions = ">=3.10, <4.0"
content-hash = "6a9dc86f812c445b5e21d257a9e3012b242efdd7798d546a071d2e678cf7c522"

[metadata.files]
h11 = [
    {file = "h11-0.13.0-py3-none-any.whl", hash = "sha256:8ddd78563b633ca55346c8cd41ec0af27d3c79931828beffb46ce70a379e7442"},
    {file = "h11-0.13.0.tar.gz", hash = "sha256:70813c1135087a248a4d38cc0e1a0181ffab2188141a93eaf567940c3957ff06"},
]
wsproto = []
